{
  "version": 4,
  "terraform_version": "0.12.19",
  "serial": 18,
  "lineage": "9eeab2fa-a124-9128-b021-b788b141150c",
  "outputs": {},
  "resources": [
    {
      "mode": "managed",
      "type": "aws_db_subnet_group",
      "name": "default",
      "provider": "provider.aws",
      "instances": [
        {
          "schema_version": 0,
          "attributes": {
            "arn": "arn:aws:rds:ap-northeast-1:042358354570:subgrp:techlog rds subnet",
            "description": "techlog MultiAZ Master-Slave",
            "id": "techlog rds subnet",
            "name": "techlog rds subnet",
            "name_prefix": null,
            "subnet_ids": [
              "subnet-03ac89d5bbde360a3",
              "subnet-074b1145133c72828"
            ],
            "tags": {}
          },
          "private": "bnVsbA==",
          "dependencies": [
            "aws_subnet.techlog_vpc-private-subnet1",
            "aws_subnet.techlog_vpc-private-subnet2",
            "aws_vpc.techlog_vpc"
          ]
        }
      ]
    },
    {
      "mode": "managed",
      "type": "aws_internet_gateway",
      "name": "techlog_vpc-igw",
      "provider": "provider.aws",
      "instances": [
        {
          "schema_version": 0,
          "attributes": {
            "id": "igw-0517b17076517b52c",
            "owner_id": "042358354570",
            "tags": {
              "Name": "techlog igw"
            },
            "vpc_id": "vpc-014b18223b5ae197d"
          },
          "private": "bnVsbA==",
          "dependencies": [
            "aws_vpc.techlog_vpc"
          ]
        }
      ]
    },
    {
      "mode": "managed",
      "type": "aws_key_pair",
      "name": "sshkey",
      "provider": "provider.aws",
      "instances": [
        {
          "schema_version": 1,
          "attributes": {
            "fingerprint": "6b:29:e2:67:8e:85:a3:ab:73:93:9e:04:a4:89:6d:ca",
            "id": "ssh-key",
            "key_name": "ssh-key",
            "key_name_prefix": null,
            "public_key": "ssh-rsa AAAAB3NzaC1yc2EAAAADAQABAAACAQDS/P5Ymueg6qFF7PZKJiNK+RbWtqgIcoBfPuOjpdECc7Tpexm/ikF7uSEiUsrqxQOwOA/rkefjh1cY6mFeQRCAwjgOgEhe8wt2kbB+P7oiL/1XnN1MI2Z1GMT9kxd9ZhPoiXRAR2HE3x2IB5pwVrXqq9dSjaBue4aF875MP5YaiJpd7RT4H1/kZcjG79Y9tZwu5tH11VwyNW0ZfMoPWNitVWgey+TcrhVLmAcAwe8eYO9R6Impg3htAnoLkp/1aX2l/V+C2KUowAjjBYzCRrLtBQKnWSCvmP9tsCb0JIhONhZLDhJl2lhC1sqYNgaZIf06dWS6Z174YLlLcNXVw7C4nqWV02UzgD7zgSp6FrhI3dNzM9AMiIoHa2ylvZuHswmjk4fy/Yt7RJt+yJtrbG+4gMUHVvXQTesU58PwIiA+iRtggBh9AidR3UwPIH8P7U0eOe6f2jdoonC62sN3XGSxQMUHeWUZ5ZUCVJoJ6Ppa6OdZsLqTNMfxM8TJrHYq7yngU8PliYejdBPgi9C4ZdPCmeahT96cV6m2phCOujkFHEFZO1tK47zTyUoHdnUtHNtgow0lQuDSKy8xQEZzd/y5xEn8KHsO7tblRooQfaKNisqcowSxFtYt+VuuLBGFPSTgsNlStz1z+bvz67K4xQh5wvGeWE7E9Myeq/h0kY6dow== y.shirota.research.a.develop@gmail.com"
          },
          "private": "eyJzY2hlbWFfdmVyc2lvbiI6IjEifQ=="
        }
      ]
    },
    {
      "mode": "managed",
      "type": "aws_route_table",
      "name": "techlog_vpc-public-rt",
      "provider": "provider.aws",
      "instances": [
        {
          "schema_version": 0,
          "attributes": {
            "id": "rtb-09acc98b31fac2b4c",
            "owner_id": "042358354570",
            "propagating_vgws": [],
            "route": [
              {
                "cidr_block": "0.0.0.0/0",
                "egress_only_gateway_id": "",
                "gateway_id": "igw-0517b17076517b52c",
                "instance_id": "",
                "ipv6_cidr_block": "",
                "nat_gateway_id": "",
                "network_interface_id": "",
                "transit_gateway_id": "",
                "vpc_peering_connection_id": ""
              }
            ],
            "tags": {
              "Name": "techlog public-rt"
            },
            "vpc_id": "vpc-014b18223b5ae197d"
          },
          "private": "bnVsbA==",
          "dependencies": [
            "aws_internet_gateway.techlog_vpc-igw",
            "aws_vpc.techlog_vpc"
          ]
        }
      ]
    },
    {
      "mode": "managed",
      "type": "aws_route_table_association",
      "name": "techlog_vpc-rta1",
      "provider": "provider.aws",
      "instances": [
        {
          "schema_version": 0,
          "attributes": {
            "gateway_id": null,
            "id": "rtbassoc-049af0be17724a7d2",
            "route_table_id": "rtb-09acc98b31fac2b4c",
            "subnet_id": "subnet-0cff3ec4681d4f680"
          },
          "private": "bnVsbA==",
          "dependencies": [
            "aws_route_table.techlog_vpc-public-rt",
            "aws_subnet.techlog_vpc-public-subnet1",
            "aws_vpc.techlog_vpc"
          ]
        }
      ]
    },
    {
      "mode": "managed",
      "type": "aws_route_table_association",
      "name": "techlog_vpc-rta2",
      "provider": "provider.aws",
      "instances": [
        {
          "schema_version": 0,
          "attributes": {
            "gateway_id": null,
            "id": "rtbassoc-0d30018a9bf97f2ce",
            "route_table_id": "rtb-09acc98b31fac2b4c",
            "subnet_id": "subnet-0bcd7c657aab898a3"
          },
          "private": "bnVsbA==",
          "dependencies": [
            "aws_internet_gateway.techlog_vpc-igw",
            "aws_route_table.techlog_vpc-public-rt",
            "aws_subnet.techlog_vpc-public-subnet2",
            "aws_vpc.techlog_vpc"
          ]
        }
      ]
    },
    {
      "mode": "managed",
      "type": "aws_security_group",
      "name": "app_sg",
      "provider": "provider.aws",
      "instances": [
        {
          "schema_version": 1,
          "attributes": {
            "arn": "arn:aws:ec2:ap-northeast-1:042358354570:security-group/sg-08ff36e61f2fd34e9",
            "description": "APP Security Group",
            "egress": [
              {
                "cidr_blocks": [
                  "0.0.0.0/0"
                ],
                "description": "",
                "from_port": 0,
                "ipv6_cidr_blocks": [],
                "prefix_list_ids": [],
                "protocol": "-1",
                "security_groups": [],
                "self": false,
                "to_port": 0
              }
            ],
            "id": "sg-08ff36e61f2fd34e9",
            "ingress": [
              {
                "cidr_blocks": [
                  "0.0.0.0/0"
                ],
                "description": "",
                "from_port": 22,
                "ipv6_cidr_blocks": [],
                "prefix_list_ids": [],
                "protocol": "tcp",
                "security_groups": [],
                "self": false,
                "to_port": 22
              },
              {
                "cidr_blocks": [],
                "description": "",
                "from_port": 8080,
                "ipv6_cidr_blocks": [],
                "prefix_list_ids": [],
                "protocol": "tcp",
                "security_groups": [
                  "sg-0059b1d0306a98daa"
                ],
                "self": false,
                "to_port": 8080
              }
            ],
            "name": "app_sg",
            "name_prefix": null,
            "owner_id": "042358354570",
            "revoke_rules_on_delete": false,
            "tags": {},
            "timeouts": null,
            "vpc_id": "vpc-014b18223b5ae197d"
          },
          "private": "eyJlMmJmYjczMC1lY2FhLTExZTYtOGY4OC0zNDM2M2JjN2M0YzAiOnsiY3JlYXRlIjo2MDAwMDAwMDAwMDAsImRlbGV0ZSI6NjAwMDAwMDAwMDAwfSwic2NoZW1hX3ZlcnNpb24iOiIxIn0=",
          "dependencies": [
            "aws_security_group.elb_sg",
            "aws_vpc.techlog_vpc"
          ]
        }
      ]
    },
    {
      "mode": "managed",
      "type": "aws_security_group",
      "name": "elb_sg",
      "provider": "provider.aws",
      "instances": [
        {
          "schema_version": 1,
          "attributes": {
            "arn": "arn:aws:ec2:ap-northeast-1:042358354570:security-group/sg-0059b1d0306a98daa",
            "description": "ELB Security Group",
            "egress": [
              {
                "cidr_blocks": [
                  "0.0.0.0/0"
                ],
                "description": "",
                "from_port": 0,
                "ipv6_cidr_blocks": [],
                "prefix_list_ids": [],
                "protocol": "-1",
                "security_groups": [],
                "self": false,
                "to_port": 0
              }
            ],
            "id": "sg-0059b1d0306a98daa",
            "ingress": [
              {
                "cidr_blocks": [
                  "0.0.0.0/0"
                ],
                "description": "",
                "from_port": 80,
                "ipv6_cidr_blocks": [],
                "prefix_list_ids": [],
                "protocol": "tcp",
                "security_groups": [],
                "self": false,
                "to_port": 80
              }
            ],
            "name": "elb_sq",
            "name_prefix": null,
            "owner_id": "042358354570",
            "revoke_rules_on_delete": false,
            "tags": {},
            "timeouts": null,
            "vpc_id": "vpc-014b18223b5ae197d"
          },
          "private": "eyJlMmJmYjczMC1lY2FhLTExZTYtOGY4OC0zNDM2M2JjN2M0YzAiOnsiY3JlYXRlIjo2MDAwMDAwMDAwMDAsImRlbGV0ZSI6NjAwMDAwMDAwMDAwfSwic2NoZW1hX3ZlcnNpb24iOiIxIn0=",
          "dependencies": [
            "aws_vpc.techlog_vpc"
          ]
        }
      ]
    },
    {
      "mode": "managed",
      "type": "aws_security_group",
      "name": "rds_sg",
      "provider": "provider.aws",
      "instances": [
        {
          "schema_version": 1,
          "attributes": {
            "arn": "arn:aws:ec2:ap-northeast-1:042358354570:security-group/sg-000d6543e4cd83b19",
            "description": "RDS Security Group",
            "egress": [
              {
                "cidr_blocks": [
                  "0.0.0.0/0"
                ],
                "description": "",
                "from_port": 0,
                "ipv6_cidr_blocks": [],
                "prefix_list_ids": [],
                "protocol": "-1",
                "security_groups": [],
                "self": false,
                "to_port": 0
              }
            ],
            "id": "sg-000d6543e4cd83b19",
            "ingress": [
              {
                "cidr_blocks": [],
                "description": "",
                "from_port": 3306,
                "ipv6_cidr_blocks": [],
                "prefix_list_ids": [],
                "protocol": "tcp",
                "security_groups": [
                  "sg-08ff36e61f2fd34e9"
                ],
                "self": false,
                "to_port": 3306
              }
            ],
            "name": "rds_sg",
            "name_prefix": null,
            "owner_id": "042358354570",
            "revoke_rules_on_delete": false,
            "tags": {},
            "timeouts": null,
            "vpc_id": "vpc-014b18223b5ae197d"
          },
          "private": "eyJlMmJmYjczMC1lY2FhLTExZTYtOGY4OC0zNDM2M2JjN2M0YzAiOnsiY3JlYXRlIjo2MDAwMDAwMDAwMDAsImRlbGV0ZSI6NjAwMDAwMDAwMDAwfSwic2NoZW1hX3ZlcnNpb24iOiIxIn0=",
          "dependencies": [
            "aws_security_group.app_sg",
            "aws_security_group.elb_sg",
            "aws_vpc.techlog_vpc"
          ]
        }
      ]
    },
    {
      "mode": "managed",
      "type": "aws_subnet",
      "name": "techlog_vpc-private-subnet1",
      "provider": "provider.aws",
      "instances": [
        {
          "schema_version": 1,
          "attributes": {
            "arn": "arn:aws:ec2:ap-northeast-1:042358354570:subnet/subnet-074b1145133c72828",
            "assign_ipv6_address_on_creation": false,
            "availability_zone": "ap-northeast-1a",
            "availability_zone_id": "apne1-az4",
            "cidr_block": "10.10.200.0/24",
            "id": "subnet-074b1145133c72828",
            "ipv6_cidr_block": "",
            "ipv6_cidr_block_association_id": "",
            "map_public_ip_on_launch": false,
            "owner_id": "042358354570",
            "tags": {
              "Name": "techlog private-subnet1"
            },
            "timeouts": null,
            "vpc_id": "vpc-014b18223b5ae197d"
          },
          "private": "eyJlMmJmYjczMC1lY2FhLTExZTYtOGY4OC0zNDM2M2JjN2M0YzAiOnsiY3JlYXRlIjo2MDAwMDAwMDAwMDAsImRlbGV0ZSI6MTIwMDAwMDAwMDAwMH0sInNjaGVtYV92ZXJzaW9uIjoiMSJ9",
          "dependencies": [
            "aws_vpc.techlog_vpc"
          ]
        }
      ]
    },
    {
      "mode": "managed",
      "type": "aws_subnet",
      "name": "techlog_vpc-private-subnet2",
      "provider": "provider.aws",
      "instances": [
        {
          "schema_version": 1,
          "attributes": {
            "arn": "arn:aws:ec2:ap-northeast-1:042358354570:subnet/subnet-03ac89d5bbde360a3",
            "assign_ipv6_address_on_creation": false,
            "availability_zone": "ap-northeast-1c",
            "availability_zone_id": "apne1-az1",
            "cidr_block": "10.10.201.0/24",
            "id": "subnet-03ac89d5bbde360a3",
            "ipv6_cidr_block": "",
            "ipv6_cidr_block_association_id": "",
            "map_public_ip_on_launch": false,
            "owner_id": "042358354570",
            "tags": {
              "Name": "techlog private-subnet2"
            },
            "timeouts": null,
            "vpc_id": "vpc-014b18223b5ae197d"
          },
          "private": "eyJlMmJmYjczMC1lY2FhLTExZTYtOGY4OC0zNDM2M2JjN2M0YzAiOnsiY3JlYXRlIjo2MDAwMDAwMDAwMDAsImRlbGV0ZSI6MTIwMDAwMDAwMDAwMH0sInNjaGVtYV92ZXJzaW9uIjoiMSJ9",
          "dependencies": [
            "aws_vpc.techlog_vpc"
          ]
        }
      ]
    },
    {
      "mode": "managed",
      "type": "aws_subnet",
      "name": "techlog_vpc-public-subnet1",
      "provider": "provider.aws",
      "instances": [
        {
          "schema_version": 1,
          "attributes": {
            "arn": "arn:aws:ec2:ap-northeast-1:042358354570:subnet/subnet-0cff3ec4681d4f680",
            "assign_ipv6_address_on_creation": false,
            "availability_zone": "ap-northeast-1a",
            "availability_zone_id": "apne1-az4",
            "cidr_block": "10.10.10.0/24",
            "id": "subnet-0cff3ec4681d4f680",
            "ipv6_cidr_block": "",
            "ipv6_cidr_block_association_id": "",
            "map_public_ip_on_launch": false,
            "owner_id": "042358354570",
            "tags": {
              "Name": "techlog public-subnet1"
            },
            "timeouts": null,
            "vpc_id": "vpc-014b18223b5ae197d"
          },
          "private": "eyJlMmJmYjczMC1lY2FhLTExZTYtOGY4OC0zNDM2M2JjN2M0YzAiOnsiY3JlYXRlIjo2MDAwMDAwMDAwMDAsImRlbGV0ZSI6MTIwMDAwMDAwMDAwMH0sInNjaGVtYV92ZXJzaW9uIjoiMSJ9",
          "dependencies": [
            "aws_vpc.techlog_vpc"
          ]
        }
      ]
    },
    {
      "mode": "managed",
      "type": "aws_subnet",
      "name": "techlog_vpc-public-subnet2",
      "provider": "provider.aws",
      "instances": [
        {
          "schema_version": 1,
          "attributes": {
            "arn": "arn:aws:ec2:ap-northeast-1:042358354570:subnet/subnet-0bcd7c657aab898a3",
            "assign_ipv6_address_on_creation": false,
            "availability_zone": "ap-northeast-1c",
            "availability_zone_id": "apne1-az1",
            "cidr_block": "10.10.11.0/24",
            "id": "subnet-0bcd7c657aab898a3",
            "ipv6_cidr_block": "",
            "ipv6_cidr_block_association_id": "",
            "map_public_ip_on_launch": false,
            "owner_id": "042358354570",
            "tags": {
              "Name": "techlog public-subnet2"
            },
            "timeouts": null,
            "vpc_id": "vpc-014b18223b5ae197d"
          },
          "private": "eyJlMmJmYjczMC1lY2FhLTExZTYtOGY4OC0zNDM2M2JjN2M0YzAiOnsiY3JlYXRlIjo2MDAwMDAwMDAwMDAsImRlbGV0ZSI6MTIwMDAwMDAwMDAwMH0sInNjaGVtYV92ZXJzaW9uIjoiMSJ9",
          "dependencies": [
            "aws_vpc.techlog_vpc"
          ]
        }
      ]
    },
    {
      "mode": "managed",
      "type": "aws_vpc",
      "name": "techlog_vpc",
      "provider": "provider.aws",
      "instances": [
        {
          "schema_version": 1,
          "attributes": {
            "arn": "arn:aws:ec2:ap-northeast-1:042358354570:vpc/vpc-014b18223b5ae197d",
            "assign_generated_ipv6_cidr_block": false,
            "cidr_block": "10.10.0.0/16",
            "default_network_acl_id": "acl-040b87a5a86df89ca",
            "default_route_table_id": "rtb-0a3ce53449cc4827b",
            "default_security_group_id": "sg-0a8c6e82ae9215d73",
            "dhcp_options_id": "dopt-9ed5f8f9",
            "enable_classiclink": false,
            "enable_classiclink_dns_support": false,
            "enable_dns_hostnames": false,
            "enable_dns_support": true,
            "id": "vpc-014b18223b5ae197d",
            "instance_tenancy": "default",
            "ipv6_association_id": "",
            "ipv6_cidr_block": "",
            "main_route_table_id": "rtb-0a3ce53449cc4827b",
            "owner_id": "042358354570",
            "tags": {
              "Name": "techlog"
            }
          },
          "private": "eyJzY2hlbWFfdmVyc2lvbiI6IjEifQ=="
        }
      ]
    }
  ]
}
